Microsoft Visual Studio Solution File, Format Version 12.00
# Visual Studio Version 17
VisualStudioVersion = 17.5.2.0
MinimumVisualStudioVersion = 10.0.40219.1
Project("{FAE04EC0-301F-11D3-BF4B-00C04F79EFBC}") = "CamelUpSimulator", "CamelUpSimulator.csproj", "{9F508C09-37C3-61C4-05D9-2E386A85D9CE}"
EndProject
Global
	GlobalSection(SolutionConfigurationPlatforms) = preSolution
		Debug|Any CPU = Debug|Any CPU
		Release|Any CPU = Release|Any CPU
	EndGlobalSection
	GlobalSection(ProjectConfigurationPlatforms) = postSolution
		{9F508C09-37C3-61C4-05D9-2E386A85D9CE}.Debug|Any CPU.ActiveCfg = Debug|Any CPU
		{9F508C09-37C3-61C4-05D9-2E386A85D9CE}.Debug|Any CPU.Build.0 = Debug|Any CPU
		{9F508C09-37C3-61C4-05D9-2E386A85D9CE}.Release|Any CPU.ActiveCfg = Release|Any CPU
		{9F508C09-37C3-61C4-05D9-2E386A85D9CE}.Release|Any CPU.Build.0 = Release|Any CPU
	EndGlobalSection
	GlobalSection(SolutionProperties) = preSolution
		HideSolutionNode = FALSE
	EndGlobalSection
	GlobalSection(ExtensibilityGlobals) = postSolution
		SolutionGuid = {1E08D332-0B98-4904-97E7-4E48B66037BA}
	EndGlobalSection
EndGlobal
